{
  "version": "5",
  "redirects": {
    "https://esm.sh/@supabase/supabase-js@2": "https://esm.sh/@supabase/supabase-js@2.86.0"
  },
  "remote": {
    "https://deno.land/std@0.200.0/async/delay.ts": "a6142eb44cdd856b645086af2b811b1fcce08ec06bb7d50969e6a872ee9b8659",
    "https://deno.land/std@0.200.0/http/server.ts": "1b2403b3c544c0624ad23e8ca4e05877e65380d9e0d75d04957432d65c3d5f41",
    "https://esm.sh/@supabase/supabase-js@2.86.0": "03cff32ee9cd57294c4fbaef936d61d1842ebeb0e4c72c01667524c7f1e23912"
  },
  "workspace": {
    "packageJson": {
      "dependencies": [
        "npm:@daily-co/daily-js@0.84",
        "npm:@daily-co/daily-react@~0.23.2",
        "npm:@eslint/js@^9.9.1",
        "npm:@netlify/functions@^5.1.0",
        "npm:@supabase/supabase-js@^2.51.0",
        "npm:@types/fluent-ffmpeg@^2.1.28",
        "npm:@types/react-dom@^18.3.0",
        "npm:@types/react-router-dom@^5.3.3",
        "npm:@types/react@^18.3.5",
        "npm:@types/uuid@10",
        "npm:@vitejs/plugin-react@^4.3.1",
        "npm:autoprefixer@^10.4.18",
        "npm:clsx@^2.1.1",
        "npm:eslint-plugin-react-hooks@^5.1.0-rc.0",
        "npm:eslint-plugin-react-refresh@~0.4.11",
        "npm:eslint@^9.9.1",
        "npm:fast-xml-parser@^5.3.2",
        "npm:ffmpeg-static@^5.3.0",
        "npm:fluent-ffmpeg@^2.1.3",
        "npm:form-data@^4.0.5",
        "npm:framer-motion@^12.23.24",
        "npm:globals@^15.9.0",
        "npm:jose@^6.1.1",
        "npm:lucide-react@0.344",
        "npm:mjml@^4.15.3",
        "npm:nodemailer@^6.9.7",
        "npm:openai@^4.20.0",
        "npm:pdfjs-dist@^5.4.394",
        "npm:pg-boss@^8.4.2",
        "npm:postcss@^8.4.35",
        "npm:react-dom@^18.3.1",
        "npm:react-hook-form@^7.51.0",
        "npm:react-router-dom@^7.7.1",
        "npm:react@^18.3.1",
        "npm:resend@^6.4.2",
        "npm:tailwind-merge@^3.4.0",
        "npm:tailwindcss@^3.4.1",
        "npm:typescript-eslint@^8.3.0",
        "npm:typescript@^5.5.3",
        "npm:uuid@13",
        "npm:vite@^5.4.2"
      ]
    }
  }
}
